
Microsoft Visual Studio Solution File, Format Version 12.00
# Visual Studio Version 17
VisualStudioVersion = 17.7.34031.279
MinimumVisualStudioVersion = 10.0.40219.1
Project("{8BC9CEB8-8B4A-11D0-8D11-00A0C91BC942}") = "Sandbox", "Sandbox\Sandbox.vcxproj", "{174E3C61-96DE-45DC-8FEC-E9C638684C90}"
EndProject
Project("{8BC9CEB8-8B4A-11D0-8D11-00A0C91BC942}") = "Hazel", "Hazel\Hazel.vcxproj", "{1C71D4B6-DB94-44CE-828F-D8128E841B98}"
EndProject
Global
	GlobalSection(SolutionConfigurationPlatforms) = preSolution
		Debug|x64 = Debug|x64
		Release|x64 = Release|x64
	EndGlobalSection
	GlobalSection(ProjectConfigurationPlatforms) = postSolution
		{174E3C61-96DE-45DC-8FEC-E9C638684C90}.Debug|x64.ActiveCfg = Debug|x64
		{174E3C61-96DE-45DC-8FEC-E9C638684C90}.Debug|x64.Build.0 = Debug|x64
		{174E3C61-96DE-45DC-8FEC-E9C638684C90}.Release|x64.ActiveCfg = Release|x64
		{174E3C61-96DE-45DC-8FEC-E9C638684C90}.Release|x64.Build.0 = Release|x64
		{1C71D4B6-DB94-44CE-828F-D8128E841B98}.Debug|x64.ActiveCfg = Debug|x64
		{1C71D4B6-DB94-44CE-828F-D8128E841B98}.Debug|x64.Build.0 = Debug|x64
		{1C71D4B6-DB94-44CE-828F-D8128E841B98}.Release|x64.ActiveCfg = Release|x64
		{1C71D4B6-DB94-44CE-828F-D8128E841B98}.Release|x64.Build.0 = Release|x64
	EndGlobalSection
	GlobalSection(SolutionProperties) = preSolution
		HideSolutionNode = FALSE
	EndGlobalSection
	GlobalSection(ExtensibilityGlobals) = postSolution
		SolutionGuid = {0F00ED9E-175F-4855-9964-427F2DAB1A48}
	EndGlobalSection
EndGlobal
